
Microsoft Visual Studio Solution File, Format Version 12.00
# Visual Studio Version 17
VisualStudioVersion = 17.8.34525.116
MinimumVisualStudioVersion = 10.0.40219.1
Project("{2150E333-8FDC-42A3-9474-1A3956D46DE8}") = "Core", "Core", "{04FF48CA-C897-45A1-8DB0-3D833E957AB3}"
EndProject
Project("{2150E333-8FDC-42A3-9474-1A3956D46DE8}") = "Application", "Application", "{720213FD-27FD-4ED4-A91D-1026BD9FBA37}"
EndProject
Project("{2150E333-8FDC-42A3-9474-1A3956D46DE8}") = "Infrastructure", "Infrastructure", "{E0C0FE3C-2B99-4FF9-8683-14A5D2D63E0A}"
EndProject
Project("{2150E333-8FDC-42A3-9474-1A3956D46DE8}") = "Presenation", "Presenation", "{53838F2D-A1AD-49AD-AF51-BAD56AE6D2A3}"
EndProject
Project("{9A19103F-16F7-4668-BE54-9A1E7A4F7556}") = "ScheduleUpdater", "ScheduleUpdater\ScheduleUpdater.csproj", "{C25A1F69-2262-42E0-87F3-FE31CFDD1100}"
	ProjectSection(ProjectDependencies) = postProject
		{A5E06FF9-0445-46FE-93F0-DDB85812AD4C} = {A5E06FF9-0445-46FE-93F0-DDB85812AD4C}
	EndProjectSection
EndProject
Project("{9A19103F-16F7-4668-BE54-9A1E7A4F7556}") = "ScheduleMQTTBroker", "ScheduleMQTTBroker\ScheduleMQTTBroker.csproj", "{B3BFB753-1026-45FE-ACEF-5E10662D89BF}"
EndProject
Project("{9A19103F-16F7-4668-BE54-9A1E7A4F7556}") = "StationScheduleService", "StationScheduleService\StationScheduleService.csproj", "{A5E06FF9-0445-46FE-93F0-DDB85812AD4C}"
	ProjectSection(ProjectDependencies) = postProject
		{B3BFB753-1026-45FE-ACEF-5E10662D89BF} = {B3BFB753-1026-45FE-ACEF-5E10662D89BF}
	EndProjectSection
EndProject
Project("{9A19103F-16F7-4668-BE54-9A1E7A4F7556}") = "AudioAnnouncementService", "AudioAnnouncementService\AudioAnnouncementService.csproj", "{33B9FCA6-257D-43D8-B136-41A83E3D08D4}"
	ProjectSection(ProjectDependencies) = postProject
		{A5E06FF9-0445-46FE-93F0-DDB85812AD4C} = {A5E06FF9-0445-46FE-93F0-DDB85812AD4C}
	EndProjectSection
EndProject
Project("{9A19103F-16F7-4668-BE54-9A1E7A4F7556}") = "TextToSpeachUpdateService", "TextToSpeachUpdateService\TextToSpeachUpdateService.csproj", "{6C64600D-ECB5-4F1F-835D-7849280E7FAA}"
	ProjectSection(ProjectDependencies) = postProject
		{A5E06FF9-0445-46FE-93F0-DDB85812AD4C} = {A5E06FF9-0445-46FE-93F0-DDB85812AD4C}
	EndProjectSection
EndProject
Project("{54A90642-561A-4BB1-A94E-469ADEE60C69}") = "MonitorPlatform", "MonitorPlatform\MonitorPlatform.esproj", "{A3FDCF03-E78B-4524-AC0A-21FE75EE175F}"
	ProjectSection(ProjectDependencies) = postProject
		{BF46B524-C516-42B4-818B-240CCC535CE5} = {BF46B524-C516-42B4-818B-240CCC535CE5}
	EndProjectSection
EndProject
Project("{9A19103F-16F7-4668-BE54-9A1E7A4F7556}") = "MQTTBrigdeAPI", "MQTTBrigdeAPI\MQTTBrigdeAPI.csproj", "{BF46B524-C516-42B4-818B-240CCC535CE5}"
	ProjectSection(ProjectDependencies) = postProject
		{A5E06FF9-0445-46FE-93F0-DDB85812AD4C} = {A5E06FF9-0445-46FE-93F0-DDB85812AD4C}
	EndProjectSection
EndProject
Global
	GlobalSection(SolutionConfigurationPlatforms) = preSolution
		Debug|Any CPU = Debug|Any CPU
		Release|Any CPU = Release|Any CPU
	EndGlobalSection
	GlobalSection(ProjectConfigurationPlatforms) = postSolution
		{C25A1F69-2262-42E0-87F3-FE31CFDD1100}.Debug|Any CPU.ActiveCfg = Debug|Any CPU
		{C25A1F69-2262-42E0-87F3-FE31CFDD1100}.Debug|Any CPU.Build.0 = Debug|Any CPU
		{C25A1F69-2262-42E0-87F3-FE31CFDD1100}.Release|Any CPU.ActiveCfg = Release|Any CPU
		{C25A1F69-2262-42E0-87F3-FE31CFDD1100}.Release|Any CPU.Build.0 = Release|Any CPU
		{B3BFB753-1026-45FE-ACEF-5E10662D89BF}.Debug|Any CPU.ActiveCfg = Debug|Any CPU
		{B3BFB753-1026-45FE-ACEF-5E10662D89BF}.Debug|Any CPU.Build.0 = Debug|Any CPU
		{B3BFB753-1026-45FE-ACEF-5E10662D89BF}.Release|Any CPU.ActiveCfg = Release|Any CPU
		{B3BFB753-1026-45FE-ACEF-5E10662D89BF}.Release|Any CPU.Build.0 = Release|Any CPU
		{A5E06FF9-0445-46FE-93F0-DDB85812AD4C}.Debug|Any CPU.ActiveCfg = Debug|Any CPU
		{A5E06FF9-0445-46FE-93F0-DDB85812AD4C}.Debug|Any CPU.Build.0 = Debug|Any CPU
		{A5E06FF9-0445-46FE-93F0-DDB85812AD4C}.Release|Any CPU.ActiveCfg = Release|Any CPU
		{A5E06FF9-0445-46FE-93F0-DDB85812AD4C}.Release|Any CPU.Build.0 = Release|Any CPU
		{33B9FCA6-257D-43D8-B136-41A83E3D08D4}.Debug|Any CPU.ActiveCfg = Debug|Any CPU
		{33B9FCA6-257D-43D8-B136-41A83E3D08D4}.Debug|Any CPU.Build.0 = Debug|Any CPU
		{33B9FCA6-257D-43D8-B136-41A83E3D08D4}.Release|Any CPU.ActiveCfg = Release|Any CPU
		{33B9FCA6-257D-43D8-B136-41A83E3D08D4}.Release|Any CPU.Build.0 = Release|Any CPU
		{6C64600D-ECB5-4F1F-835D-7849280E7FAA}.Debug|Any CPU.ActiveCfg = Debug|Any CPU
		{6C64600D-ECB5-4F1F-835D-7849280E7FAA}.Debug|Any CPU.Build.0 = Debug|Any CPU
		{6C64600D-ECB5-4F1F-835D-7849280E7FAA}.Release|Any CPU.ActiveCfg = Release|Any CPU
		{6C64600D-ECB5-4F1F-835D-7849280E7FAA}.Release|Any CPU.Build.0 = Release|Any CPU
		{A3FDCF03-E78B-4524-AC0A-21FE75EE175F}.Debug|Any CPU.ActiveCfg = Debug|Any CPU
		{A3FDCF03-E78B-4524-AC0A-21FE75EE175F}.Debug|Any CPU.Build.0 = Debug|Any CPU
		{A3FDCF03-E78B-4524-AC0A-21FE75EE175F}.Debug|Any CPU.Deploy.0 = Debug|Any CPU
		{A3FDCF03-E78B-4524-AC0A-21FE75EE175F}.Release|Any CPU.ActiveCfg = Release|Any CPU
		{A3FDCF03-E78B-4524-AC0A-21FE75EE175F}.Release|Any CPU.Build.0 = Release|Any CPU
		{A3FDCF03-E78B-4524-AC0A-21FE75EE175F}.Release|Any CPU.Deploy.0 = Release|Any CPU
		{BF46B524-C516-42B4-818B-240CCC535CE5}.Debug|Any CPU.ActiveCfg = Debug|Any CPU
		{BF46B524-C516-42B4-818B-240CCC535CE5}.Debug|Any CPU.Build.0 = Debug|Any CPU
		{BF46B524-C516-42B4-818B-240CCC535CE5}.Release|Any CPU.ActiveCfg = Release|Any CPU
		{BF46B524-C516-42B4-818B-240CCC535CE5}.Release|Any CPU.Build.0 = Release|Any CPU
	EndGlobalSection
	GlobalSection(SolutionProperties) = preSolution
		HideSolutionNode = FALSE
	EndGlobalSection
	GlobalSection(NestedProjects) = preSolution
		{C25A1F69-2262-42E0-87F3-FE31CFDD1100} = {E0C0FE3C-2B99-4FF9-8683-14A5D2D63E0A}
		{B3BFB753-1026-45FE-ACEF-5E10662D89BF} = {04FF48CA-C897-45A1-8DB0-3D833E957AB3}
		{A5E06FF9-0445-46FE-93F0-DDB85812AD4C} = {720213FD-27FD-4ED4-A91D-1026BD9FBA37}
		{33B9FCA6-257D-43D8-B136-41A83E3D08D4} = {E0C0FE3C-2B99-4FF9-8683-14A5D2D63E0A}
		{6C64600D-ECB5-4F1F-835D-7849280E7FAA} = {E0C0FE3C-2B99-4FF9-8683-14A5D2D63E0A}
		{A3FDCF03-E78B-4524-AC0A-21FE75EE175F} = {53838F2D-A1AD-49AD-AF51-BAD56AE6D2A3}
		{BF46B524-C516-42B4-818B-240CCC535CE5} = {E0C0FE3C-2B99-4FF9-8683-14A5D2D63E0A}
	EndGlobalSection
	GlobalSection(ExtensibilityGlobals) = postSolution
		SolutionGuid = {7FECA02D-DCB9-4262-A30C-5C838DCA3C3A}
	EndGlobalSection
EndGlobal
