
Microsoft Visual Studio Solution File, Format Version 12.00
# Visual Studio Version 17
VisualStudioVersion = 17.8.34525.116
MinimumVisualStudioVersion = 10.0.40219.1
Project("{2150E333-8FDC-42A3-9474-1A3956D46DE8}") = "Core", "Core", "{04FF48CA-C897-45A1-8DB0-3D833E957AB3}"
EndProject
Project("{2150E333-8FDC-42A3-9474-1A3956D46DE8}") = "Application", "Application", "{720213FD-27FD-4ED4-A91D-1026BD9FBA37}"
EndProject
Project("{2150E333-8FDC-42A3-9474-1A3956D46DE8}") = "Infrastructure", "Infrastructure", "{E0C0FE3C-2B99-4FF9-8683-14A5D2D63E0A}"
EndProject
Project("{2150E333-8FDC-42A3-9474-1A3956D46DE8}") = "Presenation", "Presenation", "{53838F2D-A1AD-49AD-AF51-BAD56AE6D2A3}"
EndProject
Project("{FAE04EC0-301F-11D3-BF4B-00C04F79EFBC}") = "ScheduleUpdater", "ScheduleUpdater\ScheduleUpdater.csproj", "{C25A1F69-2262-42E0-87F3-FE31CFDD1100}"
EndProject
Global
	GlobalSection(SolutionConfigurationPlatforms) = preSolution
		Debug|Any CPU = Debug|Any CPU
		Release|Any CPU = Release|Any CPU
	EndGlobalSection
	GlobalSection(ProjectConfigurationPlatforms) = postSolution
		{C25A1F69-2262-42E0-87F3-FE31CFDD1100}.Debug|Any CPU.ActiveCfg = Debug|Any CPU
		{C25A1F69-2262-42E0-87F3-FE31CFDD1100}.Debug|Any CPU.Build.0 = Debug|Any CPU
		{C25A1F69-2262-42E0-87F3-FE31CFDD1100}.Release|Any CPU.ActiveCfg = Release|Any CPU
		{C25A1F69-2262-42E0-87F3-FE31CFDD1100}.Release|Any CPU.Build.0 = Release|Any CPU
	EndGlobalSection
	GlobalSection(SolutionProperties) = preSolution
		HideSolutionNode = FALSE
	EndGlobalSection
	GlobalSection(NestedProjects) = preSolution
		{C25A1F69-2262-42E0-87F3-FE31CFDD1100} = {E0C0FE3C-2B99-4FF9-8683-14A5D2D63E0A}
	EndGlobalSection
	GlobalSection(ExtensibilityGlobals) = postSolution
		SolutionGuid = {7FECA02D-DCB9-4262-A30C-5C838DCA3C3A}
	EndGlobalSection
EndGlobal
